{
  "version": 4,
  "terraform_version": "1.3.5",
  "serial": 33,
  "lineage": "34fcd4ea-b23b-5421-2b8e-af2c95d826a4",
  "outputs": {},
  "resources": [
    {
      "mode": "data",
      "type": "vsphere_datacenter",
      "name": "dc",
      "provider": "provider[\"registry.terraform.io/hashicorp/vsphere\"]",
      "instances": [
        {
          "schema_version": 0,
          "attributes": {
            "id": "datacenter-2",
            "name": "esxi49"
          },
          "sensitive_attributes": []
        }
      ]
    },
    {
      "mode": "managed",
      "type": "vsphere_folder",
      "name": "parent",
      "provider": "provider[\"registry.terraform.io/hashicorp/vsphere\"]",
      "instances": [
        {
          "schema_version": 1,
          "attributes": {
            "custom_attributes": {},
            "datacenter_id": "datacenter-2",
            "id": "group-v166",
            "path": "prod_centos7",
            "tags": [],
            "type": "vm"
          },
          "sensitive_attributes": [],
          "private": "eyJzY2hlbWFfdmVyc2lvbiI6IjEifQ==",
          "dependencies": [
            "data.vsphere_datacenter.dc"
          ]
        }
      ]
    }
  ],
  "check_results": null
}
